
Microsoft Visual Studio Solution File, Format Version 10.00
# Visual C# Express 2008
Project("{FAE04EC0-301F-11D3-BF4B-00C04F79EFBC}") = "Line", "Line.csproj", "{D47BA4AD-08A4-4251-BFEB-DEE3271F132C}"
EndProject
Global
	GlobalSection(SolutionConfigurationPlatforms) = preSolution
		Debug|Any CPU = Debug|Any CPU
		Release|Any CPU = Release|Any CPU
	EndGlobalSection
	GlobalSection(ProjectConfigurationPlatforms) = postSolution
		{D47BA4AD-08A4-4251-BFEB-DEE3271F132C}.Debug|Any CPU.ActiveCfg = Debug|Any CPU
		{D47BA4AD-08A4-4251-BFEB-DEE3271F132C}.Debug|Any CPU.Build.0 = Debug|Any CPU
		{D47BA4AD-08A4-4251-BFEB-DEE3271F132C}.Release|Any CPU.ActiveCfg = Release|Any CPU
		{D47BA4AD-08A4-4251-BFEB-DEE3271F132C}.Release|Any CPU.Build.0 = Release|Any CPU
	EndGlobalSection
	GlobalSection(SolutionProperties) = preSolution
		HideSolutionNode = FALSE
	EndGlobalSection
EndGlobal
