
Microsoft Visual Studio Solution File, Format Version 10.00
# Visual C# Express 2008
Project("{FAE04EC0-301F-11D3-BF4B-00C04F79EFBC}") = "ToolStrip1", "ToolStrip1.csproj", "{7084EDFF-D6AE-4921-8583-62D081CA3797}"
EndProject
Global
	GlobalSection(SolutionConfigurationPlatforms) = preSolution
		Debug|Any CPU = Debug|Any CPU
		Release|Any CPU = Release|Any CPU
	EndGlobalSection
	GlobalSection(ProjectConfigurationPlatforms) = postSolution
		{7084EDFF-D6AE-4921-8583-62D081CA3797}.Debug|Any CPU.ActiveCfg = Debug|Any CPU
		{7084EDFF-D6AE-4921-8583-62D081CA3797}.Debug|Any CPU.Build.0 = Debug|Any CPU
		{7084EDFF-D6AE-4921-8583-62D081CA3797}.Release|Any CPU.ActiveCfg = Release|Any CPU
		{7084EDFF-D6AE-4921-8583-62D081CA3797}.Release|Any CPU.Build.0 = Release|Any CPU
	EndGlobalSection
	GlobalSection(SolutionProperties) = preSolution
		HideSolutionNode = FALSE
	EndGlobalSection
EndGlobal
