
Microsoft Visual Studio Solution File, Format Version 10.00
# Visual C# Express 2008
Project("{FAE04EC0-301F-11D3-BF4B-00C04F79EFBC}") = "score", "score.csproj", "{459DFCD3-0083-4942-B32C-A960E9277AA3}"
EndProject
Global
	GlobalSection(SolutionConfigurationPlatforms) = preSolution
		Debug|Any CPU = Debug|Any CPU
		Release|Any CPU = Release|Any CPU
	EndGlobalSection
	GlobalSection(ProjectConfigurationPlatforms) = postSolution
		{459DFCD3-0083-4942-B32C-A960E9277AA3}.Debug|Any CPU.ActiveCfg = Debug|Any CPU
		{459DFCD3-0083-4942-B32C-A960E9277AA3}.Debug|Any CPU.Build.0 = Debug|Any CPU
		{459DFCD3-0083-4942-B32C-A960E9277AA3}.Release|Any CPU.ActiveCfg = Release|Any CPU
		{459DFCD3-0083-4942-B32C-A960E9277AA3}.Release|Any CPU.Build.0 = Release|Any CPU
	EndGlobalSection
	GlobalSection(SolutionProperties) = preSolution
		HideSolutionNode = FALSE
	EndGlobalSection
EndGlobal
