
Microsoft Visual Studio Solution File, Format Version 10.00
# Visual C# Express 2008
Project("{FAE04EC0-301F-11D3-BF4B-00C04F79EFBC}") = "MouseDrag", "MouseDrag.csproj", "{100EA6A7-AAEE-4E3C-89F0-79AF1F97F294}"
EndProject
Global
	GlobalSection(SolutionConfigurationPlatforms) = preSolution
		Debug|Any CPU = Debug|Any CPU
		Release|Any CPU = Release|Any CPU
	EndGlobalSection
	GlobalSection(ProjectConfigurationPlatforms) = postSolution
		{100EA6A7-AAEE-4E3C-89F0-79AF1F97F294}.Debug|Any CPU.ActiveCfg = Debug|Any CPU
		{100EA6A7-AAEE-4E3C-89F0-79AF1F97F294}.Debug|Any CPU.Build.0 = Debug|Any CPU
		{100EA6A7-AAEE-4E3C-89F0-79AF1F97F294}.Release|Any CPU.ActiveCfg = Release|Any CPU
		{100EA6A7-AAEE-4E3C-89F0-79AF1F97F294}.Release|Any CPU.Build.0 = Release|Any CPU
	EndGlobalSection
	GlobalSection(SolutionProperties) = preSolution
		HideSolutionNode = FALSE
	EndGlobalSection
EndGlobal
