
Microsoft Visual Studio Solution File, Format Version 10.00
# Visual C# Express 2008
Project("{FAE04EC0-301F-11D3-BF4B-00C04F79EFBC}") = "Show_Time", "Show_Time.csproj", "{53D5AB60-D4AC-4EE7-8197-D3671753DAAF}"
EndProject
Global
	GlobalSection(SolutionConfigurationPlatforms) = preSolution
		Debug|Any CPU = Debug|Any CPU
		Release|Any CPU = Release|Any CPU
	EndGlobalSection
	GlobalSection(ProjectConfigurationPlatforms) = postSolution
		{53D5AB60-D4AC-4EE7-8197-D3671753DAAF}.Debug|Any CPU.ActiveCfg = Debug|Any CPU
		{53D5AB60-D4AC-4EE7-8197-D3671753DAAF}.Debug|Any CPU.Build.0 = Debug|Any CPU
		{53D5AB60-D4AC-4EE7-8197-D3671753DAAF}.Release|Any CPU.ActiveCfg = Release|Any CPU
		{53D5AB60-D4AC-4EE7-8197-D3671753DAAF}.Release|Any CPU.Build.0 = Release|Any CPU
	EndGlobalSection
	GlobalSection(SolutionProperties) = preSolution
		HideSolutionNode = FALSE
	EndGlobalSection
EndGlobal
