
Microsoft Visual Studio Solution File, Format Version 10.00
# Visual C# Express 2008
Project("{FAE04EC0-301F-11D3-BF4B-00C04F79EFBC}") = "quota", "quota.csproj", "{34EE3729-628C-4D75-96C3-2D3C02A0D8DD}"
EndProject
Global
	GlobalSection(SolutionConfigurationPlatforms) = preSolution
		Debug|Any CPU = Debug|Any CPU
		Release|Any CPU = Release|Any CPU
	EndGlobalSection
	GlobalSection(ProjectConfigurationPlatforms) = postSolution
		{34EE3729-628C-4D75-96C3-2D3C02A0D8DD}.Debug|Any CPU.ActiveCfg = Debug|Any CPU
		{34EE3729-628C-4D75-96C3-2D3C02A0D8DD}.Debug|Any CPU.Build.0 = Debug|Any CPU
		{34EE3729-628C-4D75-96C3-2D3C02A0D8DD}.Release|Any CPU.ActiveCfg = Release|Any CPU
		{34EE3729-628C-4D75-96C3-2D3C02A0D8DD}.Release|Any CPU.Build.0 = Release|Any CPU
	EndGlobalSection
	GlobalSection(SolutionProperties) = preSolution
		HideSolutionNode = FALSE
	EndGlobalSection
EndGlobal
