
Microsoft Visual Studio Solution File, Format Version 10.00
# Visual C# Express 2008
Project("{FAE04EC0-301F-11D3-BF4B-00C04F79EFBC}") = "ARGB", "ARGB.csproj", "{4004C168-67EE-4482-BFF6-61F1858A22BE}"
EndProject
Global
	GlobalSection(SolutionConfigurationPlatforms) = preSolution
		Debug|Any CPU = Debug|Any CPU
		Release|Any CPU = Release|Any CPU
	EndGlobalSection
	GlobalSection(ProjectConfigurationPlatforms) = postSolution
		{4004C168-67EE-4482-BFF6-61F1858A22BE}.Debug|Any CPU.ActiveCfg = Debug|Any CPU
		{4004C168-67EE-4482-BFF6-61F1858A22BE}.Debug|Any CPU.Build.0 = Debug|Any CPU
		{4004C168-67EE-4482-BFF6-61F1858A22BE}.Release|Any CPU.ActiveCfg = Release|Any CPU
		{4004C168-67EE-4482-BFF6-61F1858A22BE}.Release|Any CPU.Build.0 = Release|Any CPU
	EndGlobalSection
	GlobalSection(SolutionProperties) = preSolution
		HideSolutionNode = FALSE
	EndGlobalSection
EndGlobal
