
Microsoft Visual Studio Solution File, Format Version 10.00
# Visual C# Express 2008
Project("{FAE04EC0-301F-11D3-BF4B-00C04F79EFBC}") = "MultiForm-4", "MultiForm-4.csproj", "{D926B2F6-5E76-41CD-AD16-C8D53D3E86B9}"
EndProject
Global
	GlobalSection(SolutionConfigurationPlatforms) = preSolution
		Debug|Any CPU = Debug|Any CPU
		Release|Any CPU = Release|Any CPU
	EndGlobalSection
	GlobalSection(ProjectConfigurationPlatforms) = postSolution
		{D926B2F6-5E76-41CD-AD16-C8D53D3E86B9}.Debug|Any CPU.ActiveCfg = Debug|Any CPU
		{D926B2F6-5E76-41CD-AD16-C8D53D3E86B9}.Debug|Any CPU.Build.0 = Debug|Any CPU
		{D926B2F6-5E76-41CD-AD16-C8D53D3E86B9}.Release|Any CPU.ActiveCfg = Release|Any CPU
		{D926B2F6-5E76-41CD-AD16-C8D53D3E86B9}.Release|Any CPU.Build.0 = Release|Any CPU
	EndGlobalSection
	GlobalSection(SolutionProperties) = preSolution
		HideSolutionNode = FALSE
	EndGlobalSection
EndGlobal
