
Microsoft Visual Studio Solution File, Format Version 10.00
# Visual C# Express 2008
Project("{FAE04EC0-301F-11D3-BF4B-00C04F79EFBC}") = "StaticMember", "StaticMember.csproj", "{A2E91234-E52A-43B5-9957-0F2D88A2CF4C}"
EndProject
Global
	GlobalSection(SolutionConfigurationPlatforms) = preSolution
		Debug|Any CPU = Debug|Any CPU
		Release|Any CPU = Release|Any CPU
	EndGlobalSection
	GlobalSection(ProjectConfigurationPlatforms) = postSolution
		{A2E91234-E52A-43B5-9957-0F2D88A2CF4C}.Debug|Any CPU.ActiveCfg = Debug|Any CPU
		{A2E91234-E52A-43B5-9957-0F2D88A2CF4C}.Debug|Any CPU.Build.0 = Debug|Any CPU
		{A2E91234-E52A-43B5-9957-0F2D88A2CF4C}.Release|Any CPU.ActiveCfg = Release|Any CPU
		{A2E91234-E52A-43B5-9957-0F2D88A2CF4C}.Release|Any CPU.Build.0 = Release|Any CPU
	EndGlobalSection
	GlobalSection(SolutionProperties) = preSolution
		HideSolutionNode = FALSE
	EndGlobalSection
EndGlobal
