
Microsoft Visual Studio Solution File, Format Version 10.00
# Visual C# Express 2008
Project("{FAE04EC0-301F-11D3-BF4B-00C04F79EFBC}") = "PictureAccess", "PictureAccess.csproj", "{BC3FA50D-A1DF-4E10-9841-63DB7CAF483E}"
EndProject
Global
	GlobalSection(SolutionConfigurationPlatforms) = preSolution
		Debug|Any CPU = Debug|Any CPU
		Release|Any CPU = Release|Any CPU
	EndGlobalSection
	GlobalSection(ProjectConfigurationPlatforms) = postSolution
		{BC3FA50D-A1DF-4E10-9841-63DB7CAF483E}.Debug|Any CPU.ActiveCfg = Debug|Any CPU
		{BC3FA50D-A1DF-4E10-9841-63DB7CAF483E}.Debug|Any CPU.Build.0 = Debug|Any CPU
		{BC3FA50D-A1DF-4E10-9841-63DB7CAF483E}.Release|Any CPU.ActiveCfg = Release|Any CPU
		{BC3FA50D-A1DF-4E10-9841-63DB7CAF483E}.Release|Any CPU.Build.0 = Release|Any CPU
	EndGlobalSection
	GlobalSection(SolutionProperties) = preSolution
		HideSolutionNode = FALSE
	EndGlobalSection
EndGlobal
